
Microsoft Visual Studio Solution File, Format Version 12.00
# Visual Studio Version 17
VisualStudioVersion = 17.8.34330.188
MinimumVisualStudioVersion = 10.0.40219.1
Project("{FAE04EC0-301F-11D3-BF4B-00C04F79EFBC}") = "XMLcolored", "XMLcolored\XMLcolored.csproj", "{50340433-EEE7-4E6C-A053-57F007C0CED3}"
EndProject
Global
	GlobalSection(SolutionConfigurationPlatforms) = preSolution
		Debug|Any CPU = Debug|Any CPU
		Release|Any CPU = Release|Any CPU
	EndGlobalSection
	GlobalSection(ProjectConfigurationPlatforms) = postSolution
		{50340433-EEE7-4E6C-A053-57F007C0CED3}.Debug|Any CPU.ActiveCfg = Debug|Any CPU
		{50340433-EEE7-4E6C-A053-57F007C0CED3}.Debug|Any CPU.Build.0 = Debug|Any CPU
		{50340433-EEE7-4E6C-A053-57F007C0CED3}.Release|Any CPU.ActiveCfg = Release|Any CPU
		{50340433-EEE7-4E6C-A053-57F007C0CED3}.Release|Any CPU.Build.0 = Release|Any CPU
	EndGlobalSection
	GlobalSection(SolutionProperties) = preSolution
		HideSolutionNode = FALSE
	EndGlobalSection
	GlobalSection(ExtensibilityGlobals) = postSolution
		SolutionGuid = {7AC43EFE-B9CE-469D-BDBE-22A51683AA76}
	EndGlobalSection
EndGlobal
